
Microsoft Visual Studio Solution File, Format Version 12.00
# Visual Studio Version 17
VisualStudioVersion = 17.2.32630.192
MinimumVisualStudioVersion = 10.0.40219.1
Project("{9A19103F-16F7-4668-BE54-9A1E7A4F7556}") = "SAAS.Web", "SAAS\SAAS.Web\SAAS.Web.csproj", "{8CE71156-9D0E-4304-83C8-24918E1EB194}"
EndProject
Project("{9A19103F-16F7-4668-BE54-9A1E7A4F7556}") = "SAAS.Core", "SAAS\SAAS.Core\SAAS.Core.csproj", "{0B42BEB3-E8C2-4DFC-AFD0-9260B6F6EEC1}"
EndProject
Project("{9A19103F-16F7-4668-BE54-9A1E7A4F7556}") = "SAAS.Infrastructure", "SAAS\SAAS.Infrastructure\SAAS.Infrastructure.csproj", "{A72C50B6-6C0D-4872-8042-C7BBAFF99C00}"
EndProject
Project("{2150E333-8FDC-42A3-9474-1A3956D46DE8}") = "SAAS", "SAAS", "{EC3AA961-B2B4-404D-A5BC-162A62695C31}"
EndProject
Project("{9A19103F-16F7-4668-BE54-9A1E7A4F7556}") = "SAAS.Infrastructure.PostGreSql", "SAAS\SAAS.Infrastructure.PostGreSql\SAAS.Infrastructure.PostGreSql.csproj", "{257AB46B-C9E8-405A-A1BC-782C21C5A93C}"
EndProject
Project("{9A19103F-16F7-4668-BE54-9A1E7A4F7556}") = "SAAS.Infrastructure.SqlServer", "SAAS\SAAS.Infrastructure.SqlServer\SAAS.Infrastructure.SqlServer.csproj", "{34AEE4B3-47EA-49A8-A782-625FE192C951}"
EndProject
Project("{2150E333-8FDC-42A3-9474-1A3956D46DE8}") = "Pharmacy", "Pharmacy", "{E10ABB54-A2D9-4511-97E8-065BCB11724B}"
EndProject
Project("{9A19103F-16F7-4668-BE54-9A1E7A4F7556}") = "Pharmacy.Web", "Pharmacy\Pharmacy.Web\Pharmacy.Web.csproj", "{E8214081-2C47-4F46-AE39-BD50B935DF46}"
EndProject
Project("{9A19103F-16F7-4668-BE54-9A1E7A4F7556}") = "Pharmacy.Infrastructure", "Pharmacy\Pharmacy.Infrastructure\Pharmacy.Infrastructure.csproj", "{42916EE9-7952-4D03-919C-ABD294A98D0F}"
EndProject
Project("{9A19103F-16F7-4668-BE54-9A1E7A4F7556}") = "Pharmacy.Core", "Pharmacy\Pharmacy.Core\Pharmacy.Core.csproj", "{7E76CE92-7946-4796-87E2-8BFCC44DDFE0}"
EndProject
Project("{9A19103F-16F7-4668-BE54-9A1E7A4F7556}") = "Pharmacy.Infrastructure.SqlServerMigration", "Pharmacy\Pharmacy.Infrastructure.SqlServerMigration\Pharmacy.Infrastructure.SqlServerMigration.csproj", "{20284C92-9E3B-4A27-9978-82FFFE5C684B}"
EndProject
Project("{9A19103F-16F7-4668-BE54-9A1E7A4F7556}") = "Pharmacy.Infrastructure.PostGresMigration", "Pharmacy\Pharmacy.Infrastructure.PostGresMigration\Pharmacy.Infrastructure.PostGresMigration.csproj", "{374F3584-C8CC-4B0A-894E-E5FEC5D016AD}"
EndProject
Project("{2150E333-8FDC-42A3-9474-1A3956D46DE8}") = "Laboratory", "Laboratory", "{E9608F0E-8C3F-4C2E-AF90-CB039939CDB8}"
EndProject
Project("{9A19103F-16F7-4668-BE54-9A1E7A4F7556}") = "Laboratory.Core", "Laboratory\Laboratory.Core\Laboratory.Core.csproj", "{40BA8FC7-1F53-4FE8-9946-E023A62603D2}"
EndProject
Project("{2150E333-8FDC-42A3-9474-1A3956D46DE8}") = "SharedKernel", "SharedKernel", "{300D34CA-C41A-4B88-B666-2A2229C3D21F}"
EndProject
Project("{9A19103F-16F7-4668-BE54-9A1E7A4F7556}") = "SharedKernel", "SharedKernel\SharedKernel\SharedKernel.csproj", "{BB73CE42-11FA-4DE9-A882-BF0C94E60853}"
EndProject
Project("{9A19103F-16F7-4668-BE54-9A1E7A4F7556}") = "Laboratory.Infrastructure", "Laboratory\Laboratory.Infrastructure\Laboratory.Infrastructure.csproj", "{2A410B11-C683-406A-8707-C076E300E5E5}"
EndProject
Project("{9A19103F-16F7-4668-BE54-9A1E7A4F7556}") = "Laboratory.Web", "Laboratory\Laboratory.Web\Laboratory.Web.csproj", "{E9AC24E5-91F8-48DA-8B8A-EF0BAF2D7667}"
EndProject
Project("{FAE04EC0-301F-11D3-BF4B-00C04F79EFBC}") = "Laboratory.Infrastructure.SqlServerMigration", "Laboratory\Laboratory.Infrastructure.SqlServerMigration\Laboratory.Infrastructure.SqlServerMigration.csproj", "{C7509D1A-EE84-4638-87A0-9450B3FA7651}"
EndProject
Project("{FAE04EC0-301F-11D3-BF4B-00C04F79EFBC}") = "Laboratory.Infrastructure.PostGresMigration", "Laboratory\Laboratory.Infrastructure.PostGresMigration\Laboratory.Infrastructure.PostGresMigration.csproj", "{ADAFB99B-33A2-4BC8-B211-EB4A8DF97E55}"
EndProject
Global
	GlobalSection(SolutionConfigurationPlatforms) = preSolution
		Debug|Any CPU = Debug|Any CPU
		Release|Any CPU = Release|Any CPU
	EndGlobalSection
	GlobalSection(ProjectConfigurationPlatforms) = postSolution
		{8CE71156-9D0E-4304-83C8-24918E1EB194}.Debug|Any CPU.ActiveCfg = Debug|Any CPU
		{8CE71156-9D0E-4304-83C8-24918E1EB194}.Debug|Any CPU.Build.0 = Debug|Any CPU
		{8CE71156-9D0E-4304-83C8-24918E1EB194}.Release|Any CPU.ActiveCfg = Release|Any CPU
		{8CE71156-9D0E-4304-83C8-24918E1EB194}.Release|Any CPU.Build.0 = Release|Any CPU
		{0B42BEB3-E8C2-4DFC-AFD0-9260B6F6EEC1}.Debug|Any CPU.ActiveCfg = Debug|Any CPU
		{0B42BEB3-E8C2-4DFC-AFD0-9260B6F6EEC1}.Debug|Any CPU.Build.0 = Debug|Any CPU
		{0B42BEB3-E8C2-4DFC-AFD0-9260B6F6EEC1}.Release|Any CPU.ActiveCfg = Release|Any CPU
		{0B42BEB3-E8C2-4DFC-AFD0-9260B6F6EEC1}.Release|Any CPU.Build.0 = Release|Any CPU
		{A72C50B6-6C0D-4872-8042-C7BBAFF99C00}.Debug|Any CPU.ActiveCfg = Debug|Any CPU
		{A72C50B6-6C0D-4872-8042-C7BBAFF99C00}.Debug|Any CPU.Build.0 = Debug|Any CPU
		{A72C50B6-6C0D-4872-8042-C7BBAFF99C00}.Release|Any CPU.ActiveCfg = Release|Any CPU
		{A72C50B6-6C0D-4872-8042-C7BBAFF99C00}.Release|Any CPU.Build.0 = Release|Any CPU
		{257AB46B-C9E8-405A-A1BC-782C21C5A93C}.Debug|Any CPU.ActiveCfg = Debug|Any CPU
		{257AB46B-C9E8-405A-A1BC-782C21C5A93C}.Debug|Any CPU.Build.0 = Debug|Any CPU
		{257AB46B-C9E8-405A-A1BC-782C21C5A93C}.Release|Any CPU.ActiveCfg = Release|Any CPU
		{257AB46B-C9E8-405A-A1BC-782C21C5A93C}.Release|Any CPU.Build.0 = Release|Any CPU
		{34AEE4B3-47EA-49A8-A782-625FE192C951}.Debug|Any CPU.ActiveCfg = Debug|Any CPU
		{34AEE4B3-47EA-49A8-A782-625FE192C951}.Debug|Any CPU.Build.0 = Debug|Any CPU
		{34AEE4B3-47EA-49A8-A782-625FE192C951}.Release|Any CPU.ActiveCfg = Release|Any CPU
		{34AEE4B3-47EA-49A8-A782-625FE192C951}.Release|Any CPU.Build.0 = Release|Any CPU
		{E8214081-2C47-4F46-AE39-BD50B935DF46}.Debug|Any CPU.ActiveCfg = Debug|Any CPU
		{E8214081-2C47-4F46-AE39-BD50B935DF46}.Debug|Any CPU.Build.0 = Debug|Any CPU
		{E8214081-2C47-4F46-AE39-BD50B935DF46}.Release|Any CPU.ActiveCfg = Release|Any CPU
		{E8214081-2C47-4F46-AE39-BD50B935DF46}.Release|Any CPU.Build.0 = Release|Any CPU
		{42916EE9-7952-4D03-919C-ABD294A98D0F}.Debug|Any CPU.ActiveCfg = Debug|Any CPU
		{42916EE9-7952-4D03-919C-ABD294A98D0F}.Debug|Any CPU.Build.0 = Debug|Any CPU
		{42916EE9-7952-4D03-919C-ABD294A98D0F}.Release|Any CPU.ActiveCfg = Release|Any CPU
		{42916EE9-7952-4D03-919C-ABD294A98D0F}.Release|Any CPU.Build.0 = Release|Any CPU
		{7E76CE92-7946-4796-87E2-8BFCC44DDFE0}.Debug|Any CPU.ActiveCfg = Debug|Any CPU
		{7E76CE92-7946-4796-87E2-8BFCC44DDFE0}.Debug|Any CPU.Build.0 = Debug|Any CPU
		{7E76CE92-7946-4796-87E2-8BFCC44DDFE0}.Release|Any CPU.ActiveCfg = Release|Any CPU
		{7E76CE92-7946-4796-87E2-8BFCC44DDFE0}.Release|Any CPU.Build.0 = Release|Any CPU
		{20284C92-9E3B-4A27-9978-82FFFE5C684B}.Debug|Any CPU.ActiveCfg = Debug|Any CPU
		{20284C92-9E3B-4A27-9978-82FFFE5C684B}.Debug|Any CPU.Build.0 = Debug|Any CPU
		{20284C92-9E3B-4A27-9978-82FFFE5C684B}.Release|Any CPU.ActiveCfg = Release|Any CPU
		{20284C92-9E3B-4A27-9978-82FFFE5C684B}.Release|Any CPU.Build.0 = Release|Any CPU
		{374F3584-C8CC-4B0A-894E-E5FEC5D016AD}.Debug|Any CPU.ActiveCfg = Debug|Any CPU
		{374F3584-C8CC-4B0A-894E-E5FEC5D016AD}.Debug|Any CPU.Build.0 = Debug|Any CPU
		{374F3584-C8CC-4B0A-894E-E5FEC5D016AD}.Release|Any CPU.ActiveCfg = Release|Any CPU
		{374F3584-C8CC-4B0A-894E-E5FEC5D016AD}.Release|Any CPU.Build.0 = Release|Any CPU
		{40BA8FC7-1F53-4FE8-9946-E023A62603D2}.Debug|Any CPU.ActiveCfg = Debug|Any CPU
		{40BA8FC7-1F53-4FE8-9946-E023A62603D2}.Debug|Any CPU.Build.0 = Debug|Any CPU
		{40BA8FC7-1F53-4FE8-9946-E023A62603D2}.Release|Any CPU.ActiveCfg = Release|Any CPU
		{40BA8FC7-1F53-4FE8-9946-E023A62603D2}.Release|Any CPU.Build.0 = Release|Any CPU
		{BB73CE42-11FA-4DE9-A882-BF0C94E60853}.Debug|Any CPU.ActiveCfg = Debug|Any CPU
		{BB73CE42-11FA-4DE9-A882-BF0C94E60853}.Debug|Any CPU.Build.0 = Debug|Any CPU
		{BB73CE42-11FA-4DE9-A882-BF0C94E60853}.Release|Any CPU.ActiveCfg = Release|Any CPU
		{BB73CE42-11FA-4DE9-A882-BF0C94E60853}.Release|Any CPU.Build.0 = Release|Any CPU
		{2A410B11-C683-406A-8707-C076E300E5E5}.Debug|Any CPU.ActiveCfg = Debug|Any CPU
		{2A410B11-C683-406A-8707-C076E300E5E5}.Debug|Any CPU.Build.0 = Debug|Any CPU
		{2A410B11-C683-406A-8707-C076E300E5E5}.Release|Any CPU.ActiveCfg = Release|Any CPU
		{2A410B11-C683-406A-8707-C076E300E5E5}.Release|Any CPU.Build.0 = Release|Any CPU
		{E9AC24E5-91F8-48DA-8B8A-EF0BAF2D7667}.Debug|Any CPU.ActiveCfg = Debug|Any CPU
		{E9AC24E5-91F8-48DA-8B8A-EF0BAF2D7667}.Debug|Any CPU.Build.0 = Debug|Any CPU
		{E9AC24E5-91F8-48DA-8B8A-EF0BAF2D7667}.Release|Any CPU.ActiveCfg = Release|Any CPU
		{E9AC24E5-91F8-48DA-8B8A-EF0BAF2D7667}.Release|Any CPU.Build.0 = Release|Any CPU
		{C7509D1A-EE84-4638-87A0-9450B3FA7651}.Debug|Any CPU.ActiveCfg = Debug|Any CPU
		{C7509D1A-EE84-4638-87A0-9450B3FA7651}.Debug|Any CPU.Build.0 = Debug|Any CPU
		{C7509D1A-EE84-4638-87A0-9450B3FA7651}.Release|Any CPU.ActiveCfg = Release|Any CPU
		{C7509D1A-EE84-4638-87A0-9450B3FA7651}.Release|Any CPU.Build.0 = Release|Any CPU
		{ADAFB99B-33A2-4BC8-B211-EB4A8DF97E55}.Debug|Any CPU.ActiveCfg = Debug|Any CPU
		{ADAFB99B-33A2-4BC8-B211-EB4A8DF97E55}.Debug|Any CPU.Build.0 = Debug|Any CPU
		{ADAFB99B-33A2-4BC8-B211-EB4A8DF97E55}.Release|Any CPU.ActiveCfg = Release|Any CPU
		{ADAFB99B-33A2-4BC8-B211-EB4A8DF97E55}.Release|Any CPU.Build.0 = Release|Any CPU
	EndGlobalSection
	GlobalSection(SolutionProperties) = preSolution
		HideSolutionNode = FALSE
	EndGlobalSection
	GlobalSection(NestedProjects) = preSolution
		{8CE71156-9D0E-4304-83C8-24918E1EB194} = {EC3AA961-B2B4-404D-A5BC-162A62695C31}
		{0B42BEB3-E8C2-4DFC-AFD0-9260B6F6EEC1} = {EC3AA961-B2B4-404D-A5BC-162A62695C31}
		{A72C50B6-6C0D-4872-8042-C7BBAFF99C00} = {EC3AA961-B2B4-404D-A5BC-162A62695C31}
		{257AB46B-C9E8-405A-A1BC-782C21C5A93C} = {EC3AA961-B2B4-404D-A5BC-162A62695C31}
		{34AEE4B3-47EA-49A8-A782-625FE192C951} = {EC3AA961-B2B4-404D-A5BC-162A62695C31}
		{E8214081-2C47-4F46-AE39-BD50B935DF46} = {E10ABB54-A2D9-4511-97E8-065BCB11724B}
		{42916EE9-7952-4D03-919C-ABD294A98D0F} = {E10ABB54-A2D9-4511-97E8-065BCB11724B}
		{7E76CE92-7946-4796-87E2-8BFCC44DDFE0} = {E10ABB54-A2D9-4511-97E8-065BCB11724B}
		{20284C92-9E3B-4A27-9978-82FFFE5C684B} = {E10ABB54-A2D9-4511-97E8-065BCB11724B}
		{374F3584-C8CC-4B0A-894E-E5FEC5D016AD} = {E10ABB54-A2D9-4511-97E8-065BCB11724B}
		{40BA8FC7-1F53-4FE8-9946-E023A62603D2} = {E9608F0E-8C3F-4C2E-AF90-CB039939CDB8}
		{BB73CE42-11FA-4DE9-A882-BF0C94E60853} = {300D34CA-C41A-4B88-B666-2A2229C3D21F}
		{2A410B11-C683-406A-8707-C076E300E5E5} = {E9608F0E-8C3F-4C2E-AF90-CB039939CDB8}
		{E9AC24E5-91F8-48DA-8B8A-EF0BAF2D7667} = {E9608F0E-8C3F-4C2E-AF90-CB039939CDB8}
		{C7509D1A-EE84-4638-87A0-9450B3FA7651} = {E9608F0E-8C3F-4C2E-AF90-CB039939CDB8}
		{ADAFB99B-33A2-4BC8-B211-EB4A8DF97E55} = {E9608F0E-8C3F-4C2E-AF90-CB039939CDB8}
	EndGlobalSection
	GlobalSection(ExtensibilityGlobals) = postSolution
		SolutionGuid = {AD908CED-4966-4E37-8BAE-A9162A3985F1}
	EndGlobalSection
EndGlobal
